// !$*UTF8*$!
{
	archiveVersion = 1;
	classes = {
	};
	objectVersion = 50;
	objects = {

/* Begin PBXBuildFile section */
		6603F87D22C45960005721A8 /* AppDelegate.m in Sources */ = {isa = PBXBuildFile; fileRef = 6603F87C22C45960005721A8 /* AppDelegate.m */; };
		6603F88022C45960005721A8 /* ViewController.m in Sources */ = {isa = PBXBuildFile; fileRef = 6603F87F22C45960005721A8 /* ViewController.m */; };
		6603F88322C45960005721A8 /* Main.storyboard in Resources */ = {isa = PBXBuildFile; fileRef = 6603F88122C45960005721A8 /* Main.storyboard */; };
		6603F88522C45961005721A8 /* Assets.xcassets in Resources */ = {isa = PBXBuildFile; fileRef = 6603F88422C45961005721A8 /* Assets.xcassets */; };
		6603F88822C45961005721A8 /* LaunchScreen.storyboard in Resources */ = {isa = PBXBuildFile; fileRef = 6603F88622C45961005721A8 /* LaunchScreen.storyboard */; };
		6603F88B22C45961005721A8 /* main.m in Sources */ = {isa = PBXBuildFile; fileRef = 6603F88A22C45961005721A8 /* main.m */; };
		6603F89522C45961005721A8 /* APPTests.m in Sources */ = {isa = PBXBuildFile; fileRef = 6603F89422C45961005721A8 /* APPTests.m */; };
		6603F8A022C45961005721A8 /* APPUITests.m in Sources */ = {isa = PBXBuildFile; fileRef = 6603F89F22C45961005721A8 /* APPUITests.m */; };
		6603F8AF22C45A22005721A8 /* ViewController.m in Sources */ = {isa = PBXBuildFile; fileRef = 6603F87F22C45960005721A8 /* ViewController.m */; };
		6603F8B022C45A22005721A8 /* main.m in Sources */ = {isa = PBXBuildFile; fileRef = 6603F88A22C45961005721A8 /* main.m */; };
		6603F8B122C45A22005721A8 /* AppDelegate.m in Sources */ = {isa = PBXBuildFile; fileRef = 6603F87C22C45960005721A8 /* AppDelegate.m */; };
		6603F8B422C45A22005721A8 /* LaunchScreen.storyboard in Resources */ = {isa = PBXBuildFile; fileRef = 6603F88622C45961005721A8 /* LaunchScreen.storyboard */; };
		6603F8B522C45A22005721A8 /* Assets.xcassets in Resources */ = {isa = PBXBuildFile; fileRef = 6603F88422C45961005721A8 /* Assets.xcassets */; };
		6603F8B622C45A22005721A8 /* Main.storyboard in Resources */ = {isa = PBXBuildFile; fileRef = 6603F88122C45960005721A8 /* Main.storyboard */; };
		6603F8BD22C45A4C005721A8 /* APPDev.plist in Resources */ = {isa = PBXBuildFile; fileRef = 6603F8BC22C45A4C005721A8 /* APPDev.plist */; };
		6603F8C522C4632D005721A8 /* ViewController.m in Sources */ = {isa = PBXBuildFile; fileRef = 6603F87F22C45960005721A8 /* ViewController.m */; };
		6603F8C622C4632D005721A8 /* main.m in Sources */ = {isa = PBXBuildFile; fileRef = 6603F88A22C45961005721A8 /* main.m */; };
		6603F8C722C4632D005721A8 /* AppDelegate.m in Sources */ = {isa = PBXBuildFile; fileRef = 6603F87C22C45960005721A8 /* AppDelegate.m */; };
		6603F8CA22C4632D005721A8 /* LaunchScreen.storyboard in Resources */ = {isa = PBXBuildFile; fileRef = 6603F88622C45961005721A8 /* LaunchScreen.storyboard */; };
		6603F8CB22C4632D005721A8 /* Assets.xcassets in Resources */ = {isa = PBXBuildFile; fileRef = 6603F88422C45961005721A8 /* Assets.xcassets */; };
		6603F8CC22C4632D005721A8 /* APPDev.plist in Resources */ = {isa = PBXBuildFile; fileRef = 6603F8BC22C45A4C005721A8 /* APPDev.plist */; };
		6603F8CD22C4632D005721A8 /* Main.storyboard in Resources */ = {isa = PBXBuildFile; fileRef = 6603F88122C45960005721A8 /* Main.storyboard */; };
		6603F8D422C46386005721A8 /* APPQA.plist in Resources */ = {isa = PBXBuildFile; fileRef = 6603F8D322C46385005721A8 /* APPQA.plist */; };
		6603F8D722C46BAA005721A8 /* RootVC.m in Sources */ = {isa = PBXBuildFile; fileRef = 6603F8D622C46BAA005721A8 /* RootVC.m */; };
		6603F8D822C46BAA005721A8 /* RootVC.m in Sources */ = {isa = PBXBuildFile; fileRef = 6603F8D622C46BAA005721A8 /* RootVC.m */; };
		6603F8D922C46BAA005721A8 /* RootVC.m in Sources */ = {isa = PBXBuildFile; fileRef = 6603F8D622C46BAA005721A8 /* RootVC.m */; };
/* End PBXBuildFile section */

/* Begin PBXContainerItemProxy section */
		6603F89122C45961005721A8 /* PBXContainerItemProxy */ = {
			isa = PBXContainerItemProxy;
			containerPortal = 6603F87022C45960005721A8 /* Project object */;
			proxyType = 1;
			remoteGlobalIDString = 6603F87722C45960005721A8;
			remoteInfo = APP;
		};
		6603F89C22C45961005721A8 /* PBXContainerItemProxy */ = {
			isa = PBXContainerItemProxy;
			containerPortal = 6603F87022C45960005721A8 /* Project object */;
			proxyType = 1;
			remoteGlobalIDString = 6603F87722C45960005721A8;
			remoteInfo = APP;
		};
/* End PBXContainerItemProxy section */

/* Begin PBXFileReference section */
		6603F87822C45960005721A8 /* APP.app */ = {isa = PBXFileReference; explicitFileType = wrapper.application; includeInIndex = 0; path = APP.app; sourceTree = BUILT_PRODUCTS_DIR; };
		6603F87B22C45960005721A8 /* AppDelegate.h */ = {isa = PBXFileReference; lastKnownFileType = sourcecode.c.h; path = AppDelegate.h; sourceTree = "<group>"; };
		6603F87C22C45960005721A8 /* AppDelegate.m */ = {isa = PBXFileReference; lastKnownFileType = sourcecode.c.objc; path = AppDelegate.m; sourceTree = "<group>"; };
		6603F87E22C45960005721A8 /* ViewController.h */ = {isa = PBXFileReference; lastKnownFileType = sourcecode.c.h; path = ViewController.h; sourceTree = "<group>"; };
		6603F87F22C45960005721A8 /* ViewController.m */ = {isa = PBXFileReference; lastKnownFileType = sourcecode.c.objc; path = ViewController.m; sourceTree = "<group>"; };
		6603F88222C45960005721A8 /* Base */ = {isa = PBXFileReference; lastKnownFileType = file.storyboard; name = Base; path = Base.lproj/Main.storyboard; sourceTree = "<group>"; };
		6603F88422C45961005721A8 /* Assets.xcassets */ = {isa = PBXFileReference; lastKnownFileType = folder.assetcatalog; path = Assets.xcassets; sourceTree = "<group>"; };
		6603F88722C45961005721A8 /* Base */ = {isa = PBXFileReference; lastKnownFileType = file.storyboard; name = Base; path = Base.lproj/LaunchScreen.storyboard; sourceTree = "<group>"; };
		6603F88922C45961005721A8 /* Info.plist */ = {isa = PBXFileReference; lastKnownFileType = text.plist.xml; path = Info.plist; sourceTree = "<group>"; };
		6603F88A22C45961005721A8 /* main.m */ = {isa = PBXFileReference; lastKnownFileType = sourcecode.c.objc; path = main.m; sourceTree = "<group>"; };
		6603F89022C45961005721A8 /* APPTests.xctest */ = {isa = PBXFileReference; explicitFileType = wrapper.cfbundle; includeInIndex = 0; path = APPTests.xctest; sourceTree = BUILT_PRODUCTS_DIR; };
		6603F89422C45961005721A8 /* APPTests.m */ = {isa = PBXFileReference; lastKnownFileType = sourcecode.c.objc; path = APPTests.m; sourceTree = "<group>"; };
		6603F89622C45961005721A8 /* Info.plist */ = {isa = PBXFileReference; lastKnownFileType = text.plist.xml; path = Info.plist; sourceTree = "<group>"; };
		6603F89B22C45961005721A8 /* APPUITests.xctest */ = {isa = PBXFileReference; explicitFileType = wrapper.cfbundle; includeInIndex = 0; path = APPUITests.xctest; sourceTree = BUILT_PRODUCTS_DIR; };
		6603F89F22C45961005721A8 /* APPUITests.m */ = {isa = PBXFileReference; lastKnownFileType = sourcecode.c.objc; path = APPUITests.m; sourceTree = "<group>"; };
		6603F8A122C45961005721A8 /* Info.plist */ = {isa = PBXFileReference; lastKnownFileType = text.plist.xml; path = Info.plist; sourceTree = "<group>"; };
		6603F8BA22C45A22005721A8 /* APPDev.app */ = {isa = PBXFileReference; explicitFileType = wrapper.application; includeInIndex = 0; path = APPDev.app; sourceTree = BUILT_PRODUCTS_DIR; };
		6603F8BC22C45A4C005721A8 /* APPDev.plist */ = {isa = PBXFileReference; fileEncoding = 4; lastKnownFileType = text.plist.xml; path = APPDev.plist; sourceTree = SOURCE_ROOT; };
		6603F8C022C45B97005721A8 /* PrefixHeader.pch */ = {isa = PBXFileReference; lastKnownFileType = sourcecode.c.h; path = PrefixHeader.pch; sourceTree = "<group>"; };
		6603F8C222C45F41005721A8 /* Header.h */ = {isa = PBXFileReference; lastKnownFileType = sourcecode.c.h; path = Header.h; sourceTree = "<group>"; };
		6603F8D122C4632D005721A8 /* APPQA.app */ = {isa = PBXFileReference; explicitFileType = wrapper.application; includeInIndex = 0; path = APPQA.app; sourceTree = BUILT_PRODUCTS_DIR; };
		6603F8D322C46385005721A8 /* APPQA.plist */ = {isa = PBXFileReference; fileEncoding = 4; lastKnownFileType = text.plist.xml; path = APPQA.plist; sourceTree = SOURCE_ROOT; };
		6603F8D522C46BAA005721A8 /* RootVC.h */ = {isa = PBXFileReference; lastKnownFileType = sourcecode.c.h; path = RootVC.h; sourceTree = "<group>"; };
		6603F8D622C46BAA005721A8 /* RootVC.m */ = {isa = PBXFileReference; lastKnownFileType = sourcecode.c.objc; path = RootVC.m; sourceTree = "<group>"; };
/* End PBXFileReference section */

/* Begin PBXFrameworksBuildPhase section */
		6603F87522C45960005721A8 /* Frameworks */ = {
			isa = PBXFrameworksBuildPhase;
			buildActionMask = 2147483647;
			files = (
			);
			runOnlyForDeploymentPostprocessing = 0;
		};
		6603F88D22C45961005721A8 /* Frameworks */ = {
			isa = PBXFrameworksBuildPhase;
			buildActionMask = 2147483647;
			files = (
			);
			runOnlyForDeploymentPostprocessing = 0;
		};
		6603F89822C45961005721A8 /* Frameworks */ = {
			isa = PBXFrameworksBuildPhase;
			buildActionMask = 2147483647;
			files = (
			);
			runOnlyForDeploymentPostprocessing = 0;
		};
		6603F8B222C45A22005721A8 /* Frameworks */ = {
			isa = PBXFrameworksBuildPhase;
			buildActionMask = 2147483647;
			files = (
			);
			runOnlyForDeploymentPostprocessing = 0;
		};
		6603F8C822C4632D005721A8 /* Frameworks */ = {
			isa = PBXFrameworksBuildPhase;
			buildActionMask = 2147483647;
			files = (
			);
			runOnlyForDeploymentPostprocessing = 0;
		};
/* End PBXFrameworksBuildPhase section */

/* Begin PBXGroup section */
		6603F86F22C45960005721A8 = {
			isa = PBXGroup;
			children = (
				6603F87A22C45960005721A8 /* APP */,
				6603F89322C45961005721A8 /* APPTests */,
				6603F89E22C45961005721A8 /* APPUITests */,
				6603F87922C45960005721A8 /* Products */,
			);
			sourceTree = "<group>";
		};
		6603F87922C45960005721A8 /* Products */ = {
			isa = PBXGroup;
			children = (
				6603F87822C45960005721A8 /* APP.app */,
				6603F89022C45961005721A8 /* APPTests.xctest */,
				6603F89B22C45961005721A8 /* APPUITests.xctest */,
				6603F8BA22C45A22005721A8 /* APPDev.app */,
				6603F8D122C4632D005721A8 /* APPQA.app */,
			);
			name = Products;
			sourceTree = "<group>";
		};
		6603F87A22C45960005721A8 /* APP */ = {
			isa = PBXGroup;
			children = (
				6603F87B22C45960005721A8 /* AppDelegate.h */,
				6603F87C22C45960005721A8 /* AppDelegate.m */,
				6603F87E22C45960005721A8 /* ViewController.h */,
				6603F87F22C45960005721A8 /* ViewController.m */,
				6603F8D522C46BAA005721A8 /* RootVC.h */,
				6603F8D622C46BAA005721A8 /* RootVC.m */,
				6603F88122C45960005721A8 /* Main.storyboard */,
				6603F88422C45961005721A8 /* Assets.xcassets */,
				6603F88622C45961005721A8 /* LaunchScreen.storyboard */,
				6603F88922C45961005721A8 /* Info.plist */,
				6603F8BC22C45A4C005721A8 /* APPDev.plist */,
				6603F8D322C46385005721A8 /* APPQA.plist */,
				6603F88A22C45961005721A8 /* main.m */,
				6603F8C222C45F41005721A8 /* Header.h */,
				6603F8C022C45B97005721A8 /* PrefixHeader.pch */,
			);
			path = APP;
			sourceTree = "<group>";
		};
		6603F89322C45961005721A8 /* APPTests */ = {
			isa = PBXGroup;
			children = (
				6603F89422C45961005721A8 /* APPTests.m */,
				6603F89622C45961005721A8 /* Info.plist */,
			);
			path = APPTests;
			sourceTree = "<group>";
		};
		6603F89E22C45961005721A8 /* APPUITests */ = {
			isa = PBXGroup;
			children = (
				6603F89F22C45961005721A8 /* APPUITests.m */,
				6603F8A122C45961005721A8 /* Info.plist */,
			);
			path = APPUITests;
			sourceTree = "<group>";
		};
/* End PBXGroup section */

/* Begin PBXNativeTarget section */
		6603F87722C45960005721A8 /* APP */ = {
			isa = PBXNativeTarget;
			buildConfigurationList = 6603F8A422C45961005721A8 /* Build configuration list for PBXNativeTarget "APP" */;
			buildPhases = (
				6603F87422C45960005721A8 /* Sources */,
				6603F87522C45960005721A8 /* Frameworks */,
				6603F87622C45960005721A8 /* Resources */,
			);
			buildRules = (
			);
			dependencies = (
			);
			name = APP;
			productName = APP;
			productReference = 6603F87822C45960005721A8 /* APP.app */;
			productType = "com.apple.product-type.application";
		};
		6603F88F22C45961005721A8 /* APPTests */ = {
			isa = PBXNativeTarget;
			buildConfigurationList = 6603F8A722C45961005721A8 /* Build configuration list for PBXNativeTarget "APPTests" */;
			buildPhases = (
				6603F88C22C45961005721A8 /* Sources */,
				6603F88D22C45961005721A8 /* Frameworks */,
				6603F88E22C45961005721A8 /* Resources */,
			);
			buildRules = (
			);
			dependencies = (
				6603F89222C45961005721A8 /* PBXTargetDependency */,
			);
			name = APPTests;
			productName = APPTests;
			productReference = 6603F89022C45961005721A8 /* APPTests.xctest */;
			productType = "com.apple.product-type.bundle.unit-test";
		};
		6603F89A22C45961005721A8 /* APPUITests */ = {
			isa = PBXNativeTarget;
			buildConfigurationList = 6603F8AA22C45961005721A8 /* Build configuration list for PBXNativeTarget "APPUITests" */;
			buildPhases = (
				6603F89722C45961005721A8 /* Sources */,
				6603F89822C45961005721A8 /* Frameworks */,
				6603F89922C45961005721A8 /* Resources */,
			);
			buildRules = (
			);
			dependencies = (
				6603F89D22C45961005721A8 /* PBXTargetDependency */,
			);
			name = APPUITests;
			productName = APPUITests;
			productReference = 6603F89B22C45961005721A8 /* APPUITests.xctest */;
			productType = "com.apple.product-type.bundle.ui-testing";
		};
		6603F8AD22C45A22005721A8 /* APPDev */ = {
			isa = PBXNativeTarget;
			buildConfigurationList = 6603F8B722C45A22005721A8 /* Build configuration list for PBXNativeTarget "APPDev" */;
			buildPhases = (
				6603F8AE22C45A22005721A8 /* Sources */,
				6603F8B222C45A22005721A8 /* Frameworks */,
				6603F8B322C45A22005721A8 /* Resources */,
			);
			buildRules = (
			);
			dependencies = (
			);
			name = APPDev;
			productName = APP;
			productReference = 6603F8BA22C45A22005721A8 /* APPDev.app */;
			productType = "com.apple.product-type.application";
		};
		6603F8C322C4632D005721A8 /* APPQA */ = {
			isa = PBXNativeTarget;
			buildConfigurationList = 6603F8CE22C4632D005721A8 /* Build configuration list for PBXNativeTarget "APPQA" */;
			buildPhases = (
				6603F8C422C4632D005721A8 /* Sources */,
				6603F8C822C4632D005721A8 /* Frameworks */,
				6603F8C922C4632D005721A8 /* Resources */,
			);
			buildRules = (
			);
			dependencies = (
			);
			name = APPQA;
			productName = APP;
			productReference = 6603F8D122C4632D005721A8 /* APPQA.app */;
			productType = "com.apple.product-type.application";
		};
/* End PBXNativeTarget section */

/* Begin PBXProject section */
		6603F87022C45960005721A8 /* Project object */ = {
			isa = PBXProject;
			attributes = {
				LastUpgradeCheck = 1020;
				ORGANIZATIONNAME = CY;
				TargetAttributes = {
					6603F87722C45960005721A8 = {
						CreatedOnToolsVersion = 10.2.1;
					};
					6603F88F22C45961005721A8 = {
						CreatedOnToolsVersion = 10.2.1;
						TestTargetID = 6603F87722C45960005721A8;
					};
					6603F89A22C45961005721A8 = {
						CreatedOnToolsVersion = 10.2.1;
						TestTargetID = 6603F87722C45960005721A8;
					};
				};
			};
			buildConfigurationList = 6603F87322C45960005721A8 /* Build configuration list for PBXProject "APP" */;
			compatibilityVersion = "Xcode 9.3";
			developmentRegion = en;
			hasScannedForEncodings = 0;
			knownRegions = (
				en,
				Base,
			);
			mainGroup = 6603F86F22C45960005721A8;
			productRefGroup = 6603F87922C45960005721A8 /* Products */;
			projectDirPath = "";
			projectRoot = "";
			targets = (
				6603F87722C45960005721A8 /* APP */,
				6603F88F22C45961005721A8 /* APPTests */,
				6603F89A22C45961005721A8 /* APPUITests */,
				6603F8AD22C45A22005721A8 /* APPDev */,
				6603F8C322C4632D005721A8 /* APPQA */,
			);
		};
/* End PBXProject section */

/* Begin PBXResourcesBuildPhase section */
		6603F87622C45960005721A8 /* Resources */ = {
			isa = PBXResourcesBuildPhase;
			buildActionMask = 2147483647;
			files = (
				6603F88822C45961005721A8 /* LaunchScreen.storyboard in Resources */,
				6603F88522C45961005721A8 /* Assets.xcassets in Resources */,
				6603F8BD22C45A4C005721A8 /* APPDev.plist in Resources */,
				6603F88322C45960005721A8 /* Main.storyboard in Resources */,
			);
			runOnlyForDeploymentPostprocessing = 0;
		};
		6603F88E22C45961005721A8 /* Resources */ = {
			isa = PBXResourcesBuildPhase;
			buildActionMask = 2147483647;
			files = (
			);
			runOnlyForDeploymentPostprocessing = 0;
		};
		6603F89922C45961005721A8 /* Resources */ = {
			isa = PBXResourcesBuildPhase;
			buildActionMask = 2147483647;
			files = (
			);
			runOnlyForDeploymentPostprocessing = 0;
		};
		6603F8B322C45A22005721A8 /* Resources */ = {
			isa = PBXResourcesBuildPhase;
			buildActionMask = 2147483647;
			files = (
				6603F8B422C45A22005721A8 /* LaunchScreen.storyboard in Resources */,
				6603F8B522C45A22005721A8 /* Assets.xcassets in Resources */,
				6603F8B622C45A22005721A8 /* Main.storyboard in Resources */,
			);
			runOnlyForDeploymentPostprocessing = 0;
		};
		6603F8C922C4632D005721A8 /* Resources */ = {
			isa = PBXResourcesBuildPhase;
			buildActionMask = 2147483647;
			files = (
				6603F8D422C46386005721A8 /* APPQA.plist in Resources */,
				6603F8CA22C4632D005721A8 /* LaunchScreen.storyboard in Resources */,
				6603F8CB22C4632D005721A8 /* Assets.xcassets in Resources */,
				6603F8CC22C4632D005721A8 /* APPDev.plist in Resources */,
				6603F8CD22C4632D005721A8 /* Main.storyboard in Resources */,
			);
			runOnlyForDeploymentPostprocessing = 0;
		};
/* End PBXResourcesBuildPhase section */

/* Begin PBXSourcesBuildPhase section */
		6603F87422C45960005721A8 /* Sources */ = {
			isa = PBXSourcesBuildPhase;
			buildActionMask = 2147483647;
			files = (
				6603F8D722C46BAA005721A8 /* RootVC.m in Sources */,
				6603F88022C45960005721A8 /* ViewController.m in Sources */,
				6603F88B22C45961005721A8 /* main.m in Sources */,
				6603F87D22C45960005721A8 /* AppDelegate.m in Sources */,
			);
			runOnlyForDeploymentPostprocessing = 0;
		};
		6603F88C22C45961005721A8 /* Sources */ = {
			isa = PBXSourcesBuildPhase;
			buildActionMask = 2147483647;
			files = (
				6603F89522C45961005721A8 /* APPTests.m in Sources */,
			);
			runOnlyForDeploymentPostprocessing = 0;
		};
		6603F89722C45961005721A8 /* Sources */ = {
			isa = PBXSourcesBuildPhase;
			buildActionMask = 2147483647;
			files = (
				6603F8A022C45961005721A8 /* APPUITests.m in Sources */,
			);
			runOnlyForDeploymentPostprocessing = 0;
		};
		6603F8AE22C45A22005721A8 /* Sources */ = {
			isa = PBXSourcesBuildPhase;
			buildActionMask = 2147483647;
			files = (
				6603F8D822C46BAA005721A8 /* RootVC.m in Sources */,
				6603F8AF22C45A22005721A8 /* ViewController.m in Sources */,
				6603F8B022C45A22005721A8 /* main.m in Sources */,
				6603F8B122C45A22005721A8 /* AppDelegate.m in Sources */,
			);
			runOnlyForDeploymentPostprocessing = 0;
		};
		6603F8C422C4632D005721A8 /* Sources */ = {
			isa = PBXSourcesBuildPhase;
			buildActionMask = 2147483647;
			files = (
				6603F8D922C46BAA005721A8 /* RootVC.m in Sources */,
				6603F8C522C4632D005721A8 /* ViewController.m in Sources */,
				6603F8C622C4632D005721A8 /* main.m in Sources */,
				6603F8C722C4632D005721A8 /* AppDelegate.m in Sources */,
			);
			runOnlyForDeploymentPostprocessing = 0;
		};
/* End PBXSourcesBuildPhase section */

/* Begin PBXTargetDependency section */
		6603F89222C45961005721A8 /* PBXTargetDependency */ = {
			isa = PBXTargetDependency;
			target = 6603F87722C45960005721A8 /* APP */;
			targetProxy = 6603F89122C45961005721A8 /* PBXContainerItemProxy */;
		};
		6603F89D22C45961005721A8 /* PBXTargetDependency */ = {
			isa = PBXTargetDependency;
			target = 6603F87722C45960005721A8 /* APP */;
			targetProxy = 6603F89C22C45961005721A8 /* PBXContainerItemProxy */;
		};
/* End PBXTargetDependency section */

/* Begin PBXVariantGroup section */
		6603F88122C45960005721A8 /* Main.storyboard */ = {
			isa = PBXVariantGroup;
			children = (
				6603F88222C45960005721A8 /* Base */,
			);
			name = Main.storyboard;
			sourceTree = "<group>";
		};
		6603F88622C45961005721A8 /* LaunchScreen.storyboard */ = {
			isa = PBXVariantGroup;
			children = (
				6603F88722C45961005721A8 /* Base */,
			);
			name = LaunchScreen.storyboard;
			sourceTree = "<group>";
		};
/* End PBXVariantGroup section */

/* Begin XCBuildConfiguration section */
		6603F8A222C45961005721A8 /* Debug */ = {
			isa = XCBuildConfiguration;
			buildSettings = {
				ALWAYS_SEARCH_USER_PATHS = NO;
				CLANG_ANALYZER_NONNULL = YES;
				CLANG_ANALYZER_NUMBER_OBJECT_CONVERSION = YES_AGGRESSIVE;
				CLANG_CXX_LANGUAGE_STANDARD = "gnu++14";
				CLANG_CXX_LIBRARY = "libc++";
				CLANG_ENABLE_MODULES = YES;
				CLANG_ENABLE_OBJC_ARC = YES;
				CLANG_ENABLE_OBJC_WEAK = YES;
				CLANG_WARN_BLOCK_CAPTURE_AUTORELEASING = YES;
				CLANG_WARN_BOOL_CONVERSION = YES;
				CLANG_WARN_COMMA = YES;
				CLANG_WARN_CONSTANT_CONVERSION = YES;
				CLANG_WARN_DEPRECATED_OBJC_IMPLEMENTATIONS = YES;
				CLANG_WARN_DIRECT_OBJC_ISA_USAGE = YES_ERROR;
				CLANG_WARN_DOCUMENTATION_COMMENTS = YES;
				CLANG_WARN_EMPTY_BODY = YES;
				CLANG_WARN_ENUM_CONVERSION = YES;
				CLANG_WARN_INFINITE_RECURSION = YES;
				CLANG_WARN_INT_CONVERSION = YES;
				CLANG_WARN_NON_LITERAL_NULL_CONVERSION = YES;
				CLANG_WARN_OBJC_IMPLICIT_RETAIN_SELF = YES;
				CLANG_WARN_OBJC_LITERAL_CONVERSION = YES;
				CLANG_WARN_OBJC_ROOT_CLASS = YES_ERROR;
				CLANG_WARN_RANGE_LOOP_ANALYSIS = YES;
				CLANG_WARN_STRICT_PROTOTYPES = YES;
				CLANG_WARN_SUSPICIOUS_MOVE = YES;
				CLANG_WARN_UNGUARDED_AVAILABILITY = YES_AGGRESSIVE;
				CLANG_WARN_UNREACHABLE_CODE = YES;
				CLANG_WARN__DUPLICATE_METHOD_MATCH = YES;
				CODE_SIGN_IDENTITY = "iPhone Developer";
				COPY_PHASE_STRIP = NO;
				DEBUG_INFORMATION_FORMAT = dwarf;
				ENABLE_STRICT_OBJC_MSGSEND = YES;
				ENABLE_TESTABILITY = YES;
				GCC_C_LANGUAGE_STANDARD = gnu11;
				GCC_DYNAMIC_NO_PIC = NO;
				GCC_NO_COMMON_BLOCKS = YES;
				GCC_OPTIMIZATION_LEVEL = 0;
				GCC_PREPROCESSOR_DEFINITIONS = (
					"DEBUG=1",
					"$(inherited)",
				);
				GCC_WARN_64_TO_32_BIT_CONVERSION = YES;
				GCC_WARN_ABOUT_RETURN_TYPE = YES_ERROR;
				GCC_WARN_UNDECLARED_SELECTOR = YES;
				GCC_WARN_UNINITIALIZED_AUTOS = YES_AGGRESSIVE;
				GCC_WARN_UNUSED_FUNCTION = YES;
				GCC_WARN_UNUSED_VARIABLE = YES;
				IPHONEOS_DEPLOYMENT_TARGET = 12.2;
				MTL_ENABLE_DEBUG_INFO = INCLUDE_SOURCE;
				MTL_FAST_MATH = YES;
				ONLY_ACTIVE_ARCH = YES;
				SDKROOT = iphoneos;
			};
			name = Debug;
		};
		6603F8A322C45961005721A8 /* Release */ = {
			isa = XCBuildConfiguration;
			buildSettings = {
				ALWAYS_SEARCH_USER_PATHS = NO;
				CLANG_ANALYZER_NONNULL = YES;
				CLANG_ANALYZER_NUMBER_OBJECT_CONVERSION = YES_AGGRESSIVE;
				CLANG_CXX_LANGUAGE_STANDARD = "gnu++14";
				CLANG_CXX_LIBRARY = "libc++";
				CLANG_ENABLE_MODULES = YES;
				CLANG_ENABLE_OBJC_ARC = YES;
				CLANG_ENABLE_OBJC_WEAK = YES;
				CLANG_WARN_BLOCK_CAPTURE_AUTORELEASING = YES;
				CLANG_WARN_BOOL_CONVERSION = YES;
				CLANG_WARN_COMMA = YES;
				CLANG_WARN_CONSTANT_CONVERSION = YES;
				CLANG_WARN_DEPRECATED_OBJC_IMPLEMENTATIONS = YES;
				CLANG_WARN_DIRECT_OBJC_ISA_USAGE = YES_ERROR;
				CLANG_WARN_DOCUMENTATION_COMMENTS = YES;
				CLANG_WARN_EMPTY_BODY = YES;
				CLANG_WARN_ENUM_CONVERSION = YES;
				CLANG_WARN_INFINITE_RECURSION = YES;
				CLANG_WARN_INT_CONVERSION = YES;
				CLANG_WARN_NON_LITERAL_NULL_CONVERSION = YES;
				CLANG_WARN_OBJC_IMPLICIT_RETAIN_SELF = YES;
				CLANG_WARN_OBJC_LITERAL_CONVERSION = YES;
				CLANG_WARN_OBJC_ROOT_CLASS = YES_ERROR;
				CLANG_WARN_RANGE_LOOP_ANALYSIS = YES;
				CLANG_WARN_STRICT_PROTOTYPES = YES;
				CLANG_WARN_SUSPICIOUS_MOVE = YES;
				CLANG_WARN_UNGUARDED_AVAILABILITY = YES_AGGRESSIVE;
				CLANG_WARN_UNREACHABLE_CODE = YES;
				CLANG_WARN__DUPLICATE_METHOD_MATCH = YES;
				CODE_SIGN_IDENTITY = "iPhone Developer";
				COPY_PHASE_STRIP = NO;
				DEBUG_INFORMATION_FORMAT = "dwarf-with-dsym";
				ENABLE_NS_ASSERTIONS = NO;
				ENABLE_STRICT_OBJC_MSGSEND = YES;
				GCC_C_LANGUAGE_STANDARD = gnu11;
				GCC_NO_COMMON_BLOCKS = YES;
				GCC_WARN_64_TO_32_BIT_CONVERSION = YES;
				GCC_WARN_ABOUT_RETURN_TYPE = YES_ERROR;
				GCC_WARN_UNDECLARED_SELECTOR = YES;
				GCC_WARN_UNINITIALIZED_AUTOS = YES_AGGRESSIVE;
				GCC_WARN_UNUSED_FUNCTION = YES;
				GCC_WARN_UNUSED_VARIABLE = YES;
				IPHONEOS_DEPLOYMENT_TARGET = 12.2;
				MTL_ENABLE_DEBUG_INFO = NO;
				MTL_FAST_MATH = YES;
				SDKROOT = iphoneos;
				VALIDATE_PRODUCT = YES;
			};
			name = Release;
		};
		6603F8A522C45961005721A8 /* Debug */ = {
			isa = XCBuildConfiguration;
			buildSettings = {
				ASSETCATALOG_COMPILER_APPICON_NAME = AppIcon;
				CODE_SIGN_STYLE = Automatic;
				DEVELOPMENT_TEAM = VT644R5V5E;
				GCC_PREFIX_HEADER = $SRCROOT/APP/Header.h;
				GCC_PREPROCESSOR_DEFINITIONS = (
					"DEBUG=1",
					"$(inherited)",
					"TARGETTYPE=0",
				);
				INFOPLIST_FILE = APP/Info.plist;
				IPHONEOS_DEPLOYMENT_TARGET = 10.0;
				LD_RUNPATH_SEARCH_PATHS = (
					"$(inherited)",
					"@executable_path/Frameworks",
				);
				PRODUCT_BUNDLE_IDENTIFIER = xiaohuihui.APP;
				PRODUCT_NAME = "$(TARGET_NAME)";
				TARGETED_DEVICE_FAMILY = 1;
			};
			name = Debug;
		};
		6603F8A622C45961005721A8 /* Release */ = {
			isa = XCBuildConfiguration;
			buildSettings = {
				ASSETCATALOG_COMPILER_APPICON_NAME = AppIcon;
				CODE_SIGN_STYLE = Automatic;
				DEVELOPMENT_TEAM = VT644R5V5E;
				GCC_PREFIX_HEADER = $SRCROOT/APP/Header.h;
				GCC_PREPROCESSOR_DEFINITIONS = (
					"TARGETTYPE=0",
					"$(inherited)",
				);
				INFOPLIST_FILE = APP/Info.plist;
				IPHONEOS_DEPLOYMENT_TARGET = 10.0;
				LD_RUNPATH_SEARCH_PATHS = (
					"$(inherited)",
					"@executable_path/Frameworks",
				);
				PRODUCT_BUNDLE_IDENTIFIER = xiaohuihui.APP;
				PRODUCT_NAME = "$(TARGET_NAME)";
				TARGETED_DEVICE_FAMILY = 1;
			};
			name = Release;
		};
		6603F8A822C45961005721A8 /* Debug */ = {
			isa = XCBuildConfiguration;
			buildSettings = {
				BUNDLE_LOADER = "$(TEST_HOST)";
				CODE_SIGN_STYLE = Automatic;
				INFOPLIST_FILE = APPTests/Info.plist;
				LD_RUNPATH_SEARCH_PATHS = (
					"$(inherited)",
					"@executable_path/Frameworks",
					"@loader_path/Frameworks",
				);
				PRODUCT_BUNDLE_IDENTIFIER = xiaohuihui.APPTests;
				PRODUCT_NAME = "$(TARGET_NAME)";
				TARGETED_DEVICE_FAMILY = "1,2";
				TEST_HOST = "$(BUILT_PRODUCTS_DIR)/APP.app/APP";
			};
			name = Debug;
		};
		6603F8A922C45961005721A8 /* Release */ = {
			isa = XCBuildConfiguration;
			buildSettings = {
				BUNDLE_LOADER = "$(TEST_HOST)";
				CODE_SIGN_STYLE = Automatic;
				INFOPLIST_FILE = APPTests/Info.plist;
				LD_RUNPATH_SEARCH_PATHS = (
					"$(inherited)",
					"@executable_path/Frameworks",
					"@loader_path/Frameworks",
				);
				PRODUCT_BUNDLE_IDENTIFIER = xiaohuihui.APPTests;
				PRODUCT_NAME = "$(TARGET_NAME)";
				TARGETED_DEVICE_FAMILY = "1,2";
				TEST_HOST = "$(BUILT_PRODUCTS_DIR)/APP.app/APP";
			};
			name = Release;
		};
		6603F8AB22C45961005721A8 /* Debug */ = {
			isa = XCBuildConfiguration;
			buildSettings = {
				CODE_SIGN_STYLE = Automatic;
				INFOPLIST_FILE = APPUITests/Info.plist;
				LD_RUNPATH_SEARCH_PATHS = (
					"$(inherited)",
					"@executable_path/Frameworks",
					"@loader_path/Frameworks",
				);
				PRODUCT_BUNDLE_IDENTIFIER = xiaohuihui.APPUITests;
				PRODUCT_NAME = "$(TARGET_NAME)";
				TARGETED_DEVICE_FAMILY = "1,2";
				TEST_TARGET_NAME = APP;
			};
			name = Debug;
		};
		6603F8AC22C45961005721A8 /* Release */ = {
			isa = XCBuildConfiguration;
			buildSettings = {
				CODE_SIGN_STYLE = Automatic;
				INFOPLIST_FILE = APPUITests/Info.plist;
				LD_RUNPATH_SEARCH_PATHS = (
					"$(inherited)",
					"@executable_path/Frameworks",
					"@loader_path/Frameworks",
				);
				PRODUCT_BUNDLE_IDENTIFIER = xiaohuihui.APPUITests;
				PRODUCT_NAME = "$(TARGET_NAME)";
				TARGETED_DEVICE_FAMILY = "1,2";
				TEST_TARGET_NAME = APP;
			};
			name = Release;
		};
		6603F8B822C45A22005721A8 /* Debug */ = {
			isa = XCBuildConfiguration;
			buildSettings = {
				ASSETCATALOG_COMPILER_APPICON_NAME = AppIcon;
				CODE_SIGN_STYLE = Automatic;
				DEVELOPMENT_TEAM = VT644R5V5E;
				GCC_PREFIX_HEADER = $SRCROOT/APP/Header.h;
				GCC_PREPROCESSOR_DEFINITIONS = (
					"DEBUG=1",
					"$(inherited)",
					"TARGETTYPE=1",
				);
				INFOPLIST_FILE = APPDev.plist;
				IPHONEOS_DEPLOYMENT_TARGET = 10.0;
				LD_RUNPATH_SEARCH_PATHS = (
					"$(inherited)",
					"@executable_path/Frameworks",
				);
				OTHER_CFLAGS = "";
				PRODUCT_BUNDLE_IDENTIFIER = xiaohuihui.APPDEV;
				PRODUCT_NAME = "$(TARGET_NAME)";
				TARGETED_DEVICE_FAMILY = "1,2";
			};
			name = Debug;
		};
		6603F8B922C45A22005721A8 /* Release */ = {
			isa = XCBuildConfiguration;
			buildSettings = {
				ASSETCATALOG_COMPILER_APPICON_NAME = AppIcon;
				CODE_SIGN_STYLE = Automatic;
				DEVELOPMENT_TEAM = VT644R5V5E;
				GCC_PREFIX_HEADER = $SRCROOT/APP/Header.h;
				GCC_PREPROCESSOR_DEFINITIONS = (
					"$(inherited)",
					"TARGETTYPE=1",
				);
				INFOPLIST_FILE = APPDev.plist;
				IPHONEOS_DEPLOYMENT_TARGET = 10.0;
				LD_RUNPATH_SEARCH_PATHS = (
					"$(inherited)",
					"@executable_path/Frameworks",
				);
				OTHER_CFLAGS = "";
				PRODUCT_BUNDLE_IDENTIFIER = xiaohuihui.APPDEV;
				PRODUCT_NAME = "$(TARGET_NAME)";
				TARGETED_DEVICE_FAMILY = "1,2";
			};
			name = Release;
		};
		6603F8CF22C4632D005721A8 /* Debug */ = {
			isa = XCBuildConfiguration;
			buildSettings = {
				ASSETCATALOG_COMPILER_APPICON_NAME = AppIcon;
				CODE_SIGN_STYLE = Automatic;
				DEVELOPMENT_TEAM = VT644R5V5E;
				GCC_PREFIX_HEADER = $SRCROOT/APP/Header.h;
				GCC_PREPROCESSOR_DEFINITIONS = (
					"DEBUG=1",
					"$(inherited)",
					"TARGETTYPE=2",
				);
				INFOPLIST_FILE = APPQA.plist;
				IPHONEOS_DEPLOYMENT_TARGET = 10.0;
				LD_RUNPATH_SEARCH_PATHS = (
					"$(inherited)",
					"@executable_path/Frameworks",
				);
				PRODUCT_BUNDLE_IDENTIFIER = xiaohuihui.APPQA;
				PRODUCT_NAME = "$(TARGET_NAME)";
				TARGETED_DEVICE_FAMILY = 1;
			};
			name = Debug;
		};
		6603F8D022C4632D005721A8 /* Release */ = {
			isa = XCBuildConfiguration;
			buildSettings = {
				ASSETCATALOG_COMPILER_APPICON_NAME = AppIcon;
				CODE_SIGN_STYLE = Automatic;
				DEVELOPMENT_TEAM = VT644R5V5E;
				GCC_PREFIX_HEADER = $SRCROOT/APP/Header.h;
				GCC_PREPROCESSOR_DEFINITIONS = (
					"TARGETTYPE=2",
					"$(inherited)",
				);
				INFOPLIST_FILE = APPQA.plist;
				IPHONEOS_DEPLOYMENT_TARGET = 10.0;
				LD_RUNPATH_SEARCH_PATHS = (
					"$(inherited)",
					"@executable_path/Frameworks",
				);
				PRODUCT_BUNDLE_IDENTIFIER = xiaohuihui.APPQA;
				PRODUCT_NAME = "$(TARGET_NAME)";
				TARGETED_DEVICE_FAMILY = 1;
			};
			name = Release;
		};
/* End XCBuildConfiguration section */

/* Begin XCConfigurationList section */
		6603F87322C45960005721A8 /* Build configuration list for PBXProject "APP" */ = {
			isa = XCConfigurationList;
			buildConfigurations = (
				6603F8A222C45961005721A8 /* Debug */,
				6603F8A322C45961005721A8 /* Release */,
			);
			defaultConfigurationIsVisible = 0;
			defaultConfigurationName = Release;
		};
		6603F8A422C45961005721A8 /* Build configuration list for PBXNativeTarget "APP" */ = {
			isa = XCConfigurationList;
			buildConfigurations = (
				6603F8A522C45961005721A8 /* Debug */,
				6603F8A622C45961005721A8 /* Release */,
			);
			defaultConfigurationIsVisible = 0;
			defaultConfigurationName = Release;
		};
		6603F8A722C45961005721A8 /* Build configuration list for PBXNativeTarget "APPTests" */ = {
			isa = XCConfigurationList;
			buildConfigurations = (
				6603F8A822C45961005721A8 /* Debug */,
				6603F8A922C45961005721A8 /* Release */,
			);
			defaultConfigurationIsVisible = 0;
			defaultConfigurationName = Release;
		};
		6603F8AA22C45961005721A8 /* Build configuration list for PBXNativeTarget "APPUITests" */ = {
			isa = XCConfigurationList;
			buildConfigurations = (
				6603F8AB22C45961005721A8 /* Debug */,
				6603F8AC22C45961005721A8 /* Release */,
			);
			defaultConfigurationIsVisible = 0;
			defaultConfigurationName = Release;
		};
		6603F8B722C45A22005721A8 /* Build configuration list for PBXNativeTarget "APPDev" */ = {
			isa = XCConfigurationList;
			buildConfigurations = (
				6603F8B822C45A22005721A8 /* Debug */,
				6603F8B922C45A22005721A8 /* Release */,
			);
			defaultConfigurationIsVisible = 0;
			defaultConfigurationName = Release;
		};
		6603F8CE22C4632D005721A8 /* Build configuration list for PBXNativeTarget "APPQA" */ = {
			isa = XCConfigurationList;
			buildConfigurations = (
				6603F8CF22C4632D005721A8 /* Debug */,
				6603F8D022C4632D005721A8 /* Release */,
			);
			defaultConfigurationIsVisible = 0;
			defaultConfigurationName = Release;
		};
/* End XCConfigurationList section */
	};
	rootObject = 6603F87022C45960005721A8 /* Project object */;
}
